# THIS IS AN AUTOGENERATED FILE. DO NOT EDIT THIS FILE DIRECTLY.
# yarn lockfile v1


alfred-workflow-nodejs-next@1.0.6:
  version "1.0.6"
  resolved "https://registry.yarnpkg.com/alfred-workflow-nodejs-next/-/alfred-workflow-nodejs-next-1.0.6.tgz#2d27bf2e9a54a20a4d8e43622f219364dc228164"
  dependencies:
    fuzzy "^0.1.3"
    keychain "^1.2.0"
    node-osascript "^2.0.0"
    node-persist "^2.0.10"

buffers@^0.1.1:
  version "0.1.1"
  resolved "https://registry.yarnpkg.com/buffers/-/buffers-0.1.1.tgz#b24579c3bed4d6d396aeee6d9a8ae7f5482ab7bb"

fuzzy@^0.1.3:
  version "0.1.3"
  resolved "https://registry.yarnpkg.com/fuzzy/-/fuzzy-0.1.3.tgz#4c76ec2ff0ac1a36a9dccf9a00df8623078d4ed8"

keychain@^1.2.0:
  version "1.3.0"
  resolved "https://registry.yarnpkg.com/keychain/-/keychain-1.3.0.tgz#ccb8ddc64a62f34d541ac25e612186442a432410"

minimist@0.0.8:
  version "0.0.8"
  resolved "https://registry.yarnpkg.com/minimist/-/minimist-0.0.8.tgz#857fcabfc3397d2625b8228262e86aa7a011b05d"

mkdirp@~0.5.1:
  version "0.5.1"
  resolved "https://registry.yarnpkg.com/mkdirp/-/mkdirp-0.5.1.tgz#30057438eac6cf7f8c4767f38648d6697d75c903"
  dependencies:
    minimist "0.0.8"

node-osascript@^2.0.0:
  version "2.0.0"
  resolved "https://registry.yarnpkg.com/node-osascript/-/node-osascript-2.0.0.tgz#26e22bfd067d6e74d154570d9857efc6020080c9"
  dependencies:
    buffers "^0.1.1"

node-persist@^2.0.10:
  version "2.0.11"
  resolved "https://registry.yarnpkg.com/node-persist/-/node-persist-2.0.11.tgz#e01e2630d44771e2b1f33227d422e13e49e4e18a"
  dependencies:
    mkdirp "~0.5.1"
    q "~1.1.1"

q@~1.1.1:
  version "1.1.2"
  resolved "https://registry.yarnpkg.com/q/-/q-1.1.2.tgz#6357e291206701d99f197ab84e57e8ad196f2a89"
